
Microsoft Visual Studio Solution File, Format Version 12.00
# Visual Studio Version 16
VisualStudioVersion = 16.0.30717.126
MinimumVisualStudioVersion = 10.0.40219.1
Project("{FAE04EC0-301F-11D3-BF4B-00C04F79EFBC}") = "QRCodePersonalWebsite", "QRCodePersonalWebsite\QRCodePersonalWebsite.csproj", "{C2779C77-E878-4A7D-9FB3-6A47D3BDDB58}"
EndProject
Global
	GlobalSection(SolutionConfigurationPlatforms) = preSolution
		Debug|Any CPU = Debug|Any CPU
		Release|Any CPU = Release|Any CPU
	EndGlobalSection
	GlobalSection(ProjectConfigurationPlatforms) = postSolution
		{C2779C77-E878-4A7D-9FB3-6A47D3BDDB58}.Debug|Any CPU.ActiveCfg = Debug|Any CPU
		{C2779C77-E878-4A7D-9FB3-6A47D3BDDB58}.Debug|Any CPU.Build.0 = Debug|Any CPU
		{C2779C77-E878-4A7D-9FB3-6A47D3BDDB58}.Release|Any CPU.ActiveCfg = Release|Any CPU
		{C2779C77-E878-4A7D-9FB3-6A47D3BDDB58}.Release|Any CPU.Build.0 = Release|Any CPU
	EndGlobalSection
	GlobalSection(SolutionProperties) = preSolution
		HideSolutionNode = FALSE
	EndGlobalSection
	GlobalSection(ExtensibilityGlobals) = postSolution
		SolutionGuid = {19D5DD8F-042A-4144-9674-66E4C534172A}
	EndGlobalSection
EndGlobal
